(setq el-get-lock-package-versions
      '((treemacs :checksum "b19060f25e55514f3d798d9f5af2dcd5b94a6026")
        (lsp-treemacs :checksum "a48763ba5d1c024426e237ce65926db849d3ae6f")
        (lsp-ui :checksum "fb1073013f745bce056811a38e2b0b8b2a4b5ebc")
        (lsp-mode :checksum "1ecfc50b15b0b9e44f2b4db173f66b158af2e6ef")
        (company-mode :checksum "6884e3ad717419b4a64a5fab08c8cb9bd20a0b27")
        (elisp-tree-sitter :checksum "c3fe96a103a766256ba62120eb638eef8e9a9802")
        (graphql-mode :checksum "92136cf9b5a4dcd8c202c8dba9064b497776d2f7")
        (origami\.el :checksum "e558710a975e8511b9386edc81cd6bdd0a5bda74")
        (coverlay\.el :checksum "0beae208d0e7d746a94385428bd61aa5cd7ea828")
        (tsi\.el :checksum "eb26ee20437576eefc62a61616bfdc5bda25caae")
        (tsx-mode\.el :checksum "50fa3f19c8d8c421d8a6161d1ee4970909b9650e")
        (flycheck-credo :checksum "3f560b5daf2fa9ed8ccce694d63318c9773f1efe")
        (vue-mode :checksum "031edd1f97db6e7d8d6c295c0e6d58dd128b9e71")
        (vue-html-mode :checksum "1514939804bad558584feeb6298b38d22eadf64e")
        (mmm-mode :checksum "0d00cdf4d02cc166304f6967a20fa22e2eaf208b")
        (typescript-mode :checksum "d79551c67ff5f2bd5f651eb411cdc66ceeb787e3")
        (js2-mode :checksum "841cfec9570ae06a67a131997e2aff32340e81d7")
        (elm-mode :checksum "1e277684d8a6681a2410cce2dd589ee30a998369")
        (reformatter :checksum "84cff54b0873fcca6fc0314d7584284e86708e8d")
        (magit :checksum "f44f6c14500476d918e9c01de8449edb20af4113")
        (markdown-preview-mode :checksum "dde87b96de9e81dd01d174da67ef68687b3a5eb5")
        (websocket :checksum "82b370602fa0158670b1c6c769f223159affce9b")
        (uuidgen :checksum "7b728c1d92e196c3acf87a004949335cfc18eab3")
        (web-server :checksum "6357a1c2d1718778503f7ee0909585094117525b")
        (browse-at-remote :checksum "cef26f2c063f2473af42d0e126c8613fe2f709e4")
        (protobuf-mode :checksum "52bbe50f5c01ff59ceb3a44c75a24cf063239da7")
        (with-editor :checksum "cfcbc2731e402b9169c0dc03e89b5b57aa988502")
        (coffee-mode :checksum "35a41c7d8233eac0b267d9593e67fb8b6235e134")
        (slim-mode :checksum "3636d18ab1c8b316eea71c4732eb44743e2ded87")
        (ruby-end :checksum "79b4ea788b9cae9282da809507d0a56aa9c057c8")
        (ruby-electric :checksum "98ddec7ade4038306690e93b8c5ec73a7c3011cf")
        (ruby-block :checksum "289c34dca6daa1a1591537e1c56b687c14631930")
        (rhtml-mode :checksum "a6d71b38a3db867ccf82999c99805db1a3a33c33")
        (web-mode :checksum "61f057a6baeba6b3595e412ba79b3080dca17dcc")
        (edit-indirect :checksum "7fffd87ac3b027d10a26e8492629da01a4cd7633")
        (ssass-mode :checksum "96f557887ad97a0066a60c54f92b7234b8407016")
        (emacs-company-terraform :checksum "2d11a21fee2f298e48968e479ddcaeda4d736e12")
        (terraform-mode :checksum "e560caaa9d9a11b0868adf6d9dcae5ebb5055730")
        (hcl-mode :checksum "ec27736c4c16fbf7f1ecab0210ec3c71ac2406fa")
        (cargo :checksum "c5e66a31eff5bdc0cc89e946e6cbf16af91602ec")
        (py-isort\.el :checksum "e67306f459c47c53a65604e4eea88a3914596560")
        (py-autopep8\.el :checksum "68e12d8788c91c7ec53a68acf1d23adb2ffa4788")
        (pyimport :checksum "a6f63cf7ed93f0c0f7c207e6595813966f8852b9")
        (shut-up :checksum "ff6f06f3b080ee833a25a22da8cb5b96e911dc77")
        (flymake-python-pyflakes :checksum "1d65c26bf65a5dcbd29fcd967e2feb90e1e7a33d")
        (php-mode :checksum "d66b4986117f621c143bc295205619e036f291d5")
        (jsonnet-mode :checksum "f3d1f5118fa8328a2a43fd3d750c2afdd02b65ac")
        (json-mode :checksum "eedb4560034f795a7950fa07016bd4347c368873")
        (json-snatcher :checksum "b28d1c0670636da6db508d03872d96ffddbc10f2")
        (json-reformat :checksum "8eb6668ed447988aea06467ba8f42e1f2178246f")
        (prettier-js :checksum "e9b73e81d3e1642aec682195f127a42dfb0b5774")
        (go-fill-struct :checksum "a613d0b378473eef39e8fd5724abe790aea84321")
        (flycheck-golangci-lint :checksum "8e446c68311048f0b87febf8ef0379e29d358851")
        (go-mode :checksum "32cbd78c0af29837ace3db04a224d6d01ec6851e")
        (flycheck-elixir :checksum "b57a77a21d6cf9621b3387831cba34135c4fa35d")
        (emacs-elixir :checksum "7373e91e859c3ddc66457723d531cfab821160a3")
        (dockerfile-mode :checksum "5db94549ce8b000ae35adf511c820ad228178052")
        (sass-mode :checksum "247a0d4b509f10b28e4687cd8763492bca03599b")
        (haml-mode :checksum "bf5b6c11b1206759d2b28af48765e04882dd1fc4")
        (less-css-mode :checksum "c7fa3d56d83206b28657f2e56439dc62280a2bf2")
        (toml-mode\.el :checksum "f6c61817b00f9c4a3cab1bae9c309e0fc45cdd06")
        (puppet-mode :checksum "71bcd383f20a457e8ad34e0e08ec47f8e1b64263")
        (emacs-fluentd-mode :checksum "c1206bcd1d5a546014f2576de7eb3e4ccddd5d62")
        (nginx-mode :checksum "6e9d96f58eddd69f62f7fd443d9b9753e16e0e96")
        (projectile :checksum "cd8bcbcb15be7b76d73969d2c2504100b77eda26")
        (bui\.el :checksum "f3a137628e112a91910fd33c0cff0948fa58d470")
        (dap-mode :checksum "76cad34de8984f57c2b1e374e9c985cc7ec8dad0")
        (pfuture :checksum "d7926de3ba0105a36cfd00811fd6278aea903eef")
        (ace-window :checksum "c7cb315c14e36fded5ac4096e158497ae974bec9")
        (bui :checksum "f3a137628e112a91910fd33c0cff0948fa58d470")
        (tree-mode :checksum "56a765fe2023909b37d430ab1fc70963fb41c845")
        (posframe :checksum "3b1dc400d286b0a4bd42e518bf3e7eedb49fd1e6")
        (ht :checksum "c4c1be487d6ecb353d07881526db05d7fc90ea87")
        (spinner :checksum "bca794fa6f6b007292cdac9b0a850a3711986db5")
        (markdown-mode :checksum "c3c2f0d473a3f8ca8c4ffb2ecc094d5c3541769f")
        (hydra :checksum "2d553787aca1aceb3e6927e426200e9bb9f056f1")
        (flymake-diagnostic-at-point :checksum "379616b1c6f5ebeaf08fbe54ae765008a78b3be7")
        (flymake-json :checksum "03b4e5e7ad11938781257a783e717ab95fe65952")
        (flymake-easy :checksum "de41ea49503f71f997e5c359a2ad08df696c0147")
        (flycheck-color-mode-line :checksum "575b604cfe21f65fb07c134392c382c163c87739")
        (flycheck :checksum "784f184cdd9f9cb4e3dbb997c09d93e954142842")
        (pkg-info :checksum "76ba7415480687d05a4353b27fea2ae02b8d9d61")
        (epl :checksum "78ab7a85c08222cd15582a298a364774e3282ce6")
        (minimap :checksum "8bc9a65825925a7c58b83ad389f07a93f22d60f3")
        (atom-one-light-theme :checksum "fa1182d2b2b07e286b6a9fc38c7ffd16be9d9ea7")
        (atom-one-dark-theme :checksum "b34b62e85593812b55ee552a1cb0eecfb04767bb")
        (aanila :checksum "2439b26f57dc3f438f7b7b96edee7ecb7de841c3")
        (spacemacs-theme :checksum "e5ed346b9c31f0b43eb359614efd9aa439e1d18d")
        (monokai-emacs :checksum "c5a7978bfc2ad2aa90882e6b2583668dc7b3e1a5")
        (popup-el :checksum "cf899f8012f4189e76a009bebb589ff71631b1e9")
        (mozc-popup :checksum "f0684b875a7427ec08f8df13939a486e5d5cf420")
        (mozc :checksum "98e6f556c0d29e6e96cc9d53df9a9e9227921bb5")
        (vlfi :checksum "cc02f2533782d6b9b628cec7e2dcf25b2d05a27c")
        (all-the-icons\.el :checksum "483dba65e897071c156cefec937edcf51aa333db")
        (neotree :checksum "5e1271655170f4cdc6849258e383c548a4e6e3d0")
        (page-break-lines :checksum "28783cd6b86b3cd41e51e6b2486173e2485a76cc")
        (multiple-cursors\.el :checksum "8a60fc7ef0ae6e5ca089a7c95264cd0ae83e7274")
        (emacs-dashboard :checksum "a19868f2fb8f7fc4132b4e9bfac5cdd65f245181")
        (transient :checksum "129c2b1685368757ffe2b6fb2d57da4b06330968")
        (dumb-jump :checksum "dbb915441a2b66f2fbb954ff5de2723c5a4771d4")
        (popup :checksum "cf899f8012f4189e76a009bebb589ff71631b1e9")
        (f :checksum "50af874cd19042f17c8686813d52569b1025c76a")
        (esup :checksum "5169dd7fc8765a7377b0ab93aa63b7f0f934689a")
        (amx :checksum "37f9c7ae55eb0331b27200fb745206fc58ceffc0")
        (which-key :checksum "5f19ec67f58585ab0b8fa713905243ea0de190e0")
        (rainbow-delimiters :checksum "d576e6694ad3a3e88b2bb1363305b38fa364c149")
        (highlight-symbol :checksum "7a789c779648c55b16e43278e51be5898c121b3a")
        (yasnippet :checksum "5cbdbf0d2015540c59ed8ee0fcf4788effdf75b6")
        (emacs-codic :checksum "52bbb6997ef4ab9fb7fea43bbfff7f04671aa557")
        (undo-tree :checksum "2bf5e230f1d11df7bbd9d8c722749e34482bc458")
        (powerline :checksum "390a95fe5b71cfc20e18d034b4b35b5c159a83fc")
        (smartparens :checksum "f59a40d54f35299007c396bd667ce3e9ec4714e3")
        (all-the-icons-ivy :checksum "a70cbfa1effe36efc946a823a580cec686d5e88d")
        (all-the-icons :checksum "483dba65e897071c156cefec937edcf51aa333db")
        (memoize :checksum "51b075935ca7070f62fae1d69fe0ff7d8fa56fdd")
        (swiper :checksum "1c6b3da377a840e898b14020133f59fca9ceea1c")
        (avy :checksum "e92cb37457b43336b765630dbfbea8ba4be601fa")
        (fuzzy :checksum "edce468a3077d03ca63e1559f7ffebfa09c8effd")
        (ace-jump-mode :checksum "8351e2df4fbbeb2a4003f2fb39f46d33803f3dac")
        (wgrep :checksum "f9687c28bbc2e84f87a479b6ce04407bb97cfb23")
        (awesome-tab :checksum "1dc909488f893d1fe8bb113120da4b47b7d3fc39")
        (fiplr :checksum "3f50159fd42125440d5b0eb9d6398560461f030b")
        (grizzl :checksum "1e917253ce2b846f0272b8356fad3dbff9cd513a")
        (exec-path-from-shell :checksum "3a8d97c096c2c5714b667130fd8a80d5622ee067")
        (ag :checksum "ed7e32064f92f1315cecbfc43f120bbc7508672c")
        (s :checksum "08661efb075d1c6b4fa812184c1e5e90c08795a9")
        (highlight-indent-guides :checksum "cf352c85cd15dd18aa096ba9d9ab9b7ab493e8f6")
        (highlight-indentation :checksum "d88db4248882da2d4316e76ed673b4ac1fa99ce3")
        (yaml-mode :checksum "63b637f846411806ae47e63adc06fe9427be1131")
        (anything :checksum "9e2259fc779eef1a3e947e74cc7d301d1cea0ca6")
        (init-loader :checksum "ecab5a66b40227c4173992adfa5cfeae09f1657e")
        (use-package :checksum "a7422fb8ab1baee19adb2717b5b47b9c3812a84c")
        (dash :checksum "da167c51e9fd167a48d06c7c0ee8e3ac7abd9718")
        (iedit :checksum "012de2e8d8519e850a790f8a2c71a5b08358c29c")))
(setq el-get-lock-locked-packages 'nil)
(setq el-get-lock-unlocked-packages
      '(el-get-lock))
